
Microsoft Visual Studio Solution File, Format Version 12.00
# Visual Studio Version 16
VisualStudioVersion = 16.0.31911.196
MinimumVisualStudioVersion = 10.0.40219.1
Project("{FAE04EC0-301F-11D3-BF4B-00C04F79EFBC}") = "WebFilmApi", "WebFilmApi\WebFilmApi.csproj", "{6065E5F7-6F18-47DA-B31A-0235FE9B1A91}"
EndProject
Global
	GlobalSection(SolutionConfigurationPlatforms) = preSolution
		Debug|Any CPU = Debug|Any CPU
		Release|Any CPU = Release|Any CPU
	EndGlobalSection
	GlobalSection(ProjectConfigurationPlatforms) = postSolution
		{6065E5F7-6F18-47DA-B31A-0235FE9B1A91}.Debug|Any CPU.ActiveCfg = Debug|Any CPU
		{6065E5F7-6F18-47DA-B31A-0235FE9B1A91}.Debug|Any CPU.Build.0 = Debug|Any CPU
		{6065E5F7-6F18-47DA-B31A-0235FE9B1A91}.Release|Any CPU.ActiveCfg = Release|Any CPU
		{6065E5F7-6F18-47DA-B31A-0235FE9B1A91}.Release|Any CPU.Build.0 = Release|Any CPU
	EndGlobalSection
	GlobalSection(SolutionProperties) = preSolution
		HideSolutionNode = FALSE
	EndGlobalSection
	GlobalSection(ExtensibilityGlobals) = postSolution
		SolutionGuid = {BDFFAAB3-F444-4B28-A575-0CDB21B61A09}
	EndGlobalSection
EndGlobal
