
Microsoft Visual Studio Solution File, Format Version 12.00
# Visual Studio Version 16
VisualStudioVersion = 16.0.31911.196
MinimumVisualStudioVersion = 10.0.40219.1
Project("{9A19103F-16F7-4668-BE54-9A1E7A4F7556}") = "WebFilmApi", "WebFilmApi\WebFilmApi.csproj", "{6065E5F7-6F18-47DA-B31A-0235FE9B1A91}"
EndProject
Project("{2150E333-8FDC-42A3-9474-1A3956D46DE8}") = "DB", "DB", "{0B1671A6-F810-4D24-A7E4-57630CD5C02F}"
EndProject
Project("{2150E333-8FDC-42A3-9474-1A3956D46DE8}") = "Account", "Account", "{454FADF2-DF6E-4779-AE5E-F52FB25882B8}"
EndProject
Project("{2150E333-8FDC-42A3-9474-1A3956D46DE8}") = "Common", "Common", "{F1900E0B-B471-4CF4-821D-F69F6EF53CB0}"
EndProject
Project("{9A19103F-16F7-4668-BE54-9A1E7A4F7556}") = "Common", "Common\Common.csproj", "{5A686D37-89AB-4D45-A2F7-D8583E50B2D3}"
EndProject
Project("{2150E333-8FDC-42A3-9474-1A3956D46DE8}") = "Mysql", "Mysql", "{16100ECF-291D-4F87-B277-CE1715F5F40B}"
EndProject
Project("{9A19103F-16F7-4668-BE54-9A1E7A4F7556}") = "DB.Mysql.Account.Logic", "DB.Mysql.Account.Logic\DB.Mysql.Account.Logic.csproj", "{A9B6A105-9D37-47AE-8D6A-30139722C992}"
EndProject
Project("{9A19103F-16F7-4668-BE54-9A1E7A4F7556}") = "DB.Mysql.Account.Model", "DB.Mysql.Account.Model\DB.Mysql.Account.Model.csproj", "{B9E5AE4D-0EA5-4034-9B47-E37684D294E9}"
EndProject
Project("{2150E333-8FDC-42A3-9474-1A3956D46DE8}") = "Account", "Account", "{D1ECD7F8-DFC8-4B2E-A737-8E0666417E00}"
EndProject
Project("{FAE04EC0-301F-11D3-BF4B-00C04F79EFBC}") = "WebFilmApi.Account.Controller", "Account.Controller\WebFilmApi.Account.Controller.csproj", "{91AE981B-8554-456E-A3B6-E3F54EA15276}"
EndProject
Project("{FAE04EC0-301F-11D3-BF4B-00C04F79EFBC}") = "WebFilmApi.Account.Logic", "Account.Logic\WebFilmApi.Account.Logic.csproj", "{69CF529A-7ACE-4576-BEFF-4BF8BD39BCC2}"
EndProject
Project("{FAE04EC0-301F-11D3-BF4B-00C04F79EFBC}") = "WebFilmApi.Account.Model", "Account.Model\WebFilmApi.Account.Model.csproj", "{2D5F048A-F61B-4D70-94E9-0E2D23FF5F50}"
EndProject
Global
	GlobalSection(SolutionConfigurationPlatforms) = preSolution
		Debug|Any CPU = Debug|Any CPU
		Release|Any CPU = Release|Any CPU
	EndGlobalSection
	GlobalSection(ProjectConfigurationPlatforms) = postSolution
		{6065E5F7-6F18-47DA-B31A-0235FE9B1A91}.Debug|Any CPU.ActiveCfg = Debug|Any CPU
		{6065E5F7-6F18-47DA-B31A-0235FE9B1A91}.Debug|Any CPU.Build.0 = Debug|Any CPU
		{6065E5F7-6F18-47DA-B31A-0235FE9B1A91}.Release|Any CPU.ActiveCfg = Release|Any CPU
		{6065E5F7-6F18-47DA-B31A-0235FE9B1A91}.Release|Any CPU.Build.0 = Release|Any CPU
		{5A686D37-89AB-4D45-A2F7-D8583E50B2D3}.Debug|Any CPU.ActiveCfg = Debug|Any CPU
		{5A686D37-89AB-4D45-A2F7-D8583E50B2D3}.Debug|Any CPU.Build.0 = Debug|Any CPU
		{5A686D37-89AB-4D45-A2F7-D8583E50B2D3}.Release|Any CPU.ActiveCfg = Release|Any CPU
		{5A686D37-89AB-4D45-A2F7-D8583E50B2D3}.Release|Any CPU.Build.0 = Release|Any CPU
		{A9B6A105-9D37-47AE-8D6A-30139722C992}.Debug|Any CPU.ActiveCfg = Debug|Any CPU
		{A9B6A105-9D37-47AE-8D6A-30139722C992}.Debug|Any CPU.Build.0 = Debug|Any CPU
		{A9B6A105-9D37-47AE-8D6A-30139722C992}.Release|Any CPU.ActiveCfg = Release|Any CPU
		{A9B6A105-9D37-47AE-8D6A-30139722C992}.Release|Any CPU.Build.0 = Release|Any CPU
		{B9E5AE4D-0EA5-4034-9B47-E37684D294E9}.Debug|Any CPU.ActiveCfg = Debug|Any CPU
		{B9E5AE4D-0EA5-4034-9B47-E37684D294E9}.Debug|Any CPU.Build.0 = Debug|Any CPU
		{B9E5AE4D-0EA5-4034-9B47-E37684D294E9}.Release|Any CPU.ActiveCfg = Release|Any CPU
		{B9E5AE4D-0EA5-4034-9B47-E37684D294E9}.Release|Any CPU.Build.0 = Release|Any CPU
		{91AE981B-8554-456E-A3B6-E3F54EA15276}.Debug|Any CPU.ActiveCfg = Debug|Any CPU
		{91AE981B-8554-456E-A3B6-E3F54EA15276}.Debug|Any CPU.Build.0 = Debug|Any CPU
		{91AE981B-8554-456E-A3B6-E3F54EA15276}.Release|Any CPU.ActiveCfg = Release|Any CPU
		{91AE981B-8554-456E-A3B6-E3F54EA15276}.Release|Any CPU.Build.0 = Release|Any CPU
		{69CF529A-7ACE-4576-BEFF-4BF8BD39BCC2}.Debug|Any CPU.ActiveCfg = Debug|Any CPU
		{69CF529A-7ACE-4576-BEFF-4BF8BD39BCC2}.Debug|Any CPU.Build.0 = Debug|Any CPU
		{69CF529A-7ACE-4576-BEFF-4BF8BD39BCC2}.Release|Any CPU.ActiveCfg = Release|Any CPU
		{69CF529A-7ACE-4576-BEFF-4BF8BD39BCC2}.Release|Any CPU.Build.0 = Release|Any CPU
		{2D5F048A-F61B-4D70-94E9-0E2D23FF5F50}.Debug|Any CPU.ActiveCfg = Debug|Any CPU
		{2D5F048A-F61B-4D70-94E9-0E2D23FF5F50}.Debug|Any CPU.Build.0 = Debug|Any CPU
		{2D5F048A-F61B-4D70-94E9-0E2D23FF5F50}.Release|Any CPU.ActiveCfg = Release|Any CPU
		{2D5F048A-F61B-4D70-94E9-0E2D23FF5F50}.Release|Any CPU.Build.0 = Release|Any CPU
	EndGlobalSection
	GlobalSection(SolutionProperties) = preSolution
		HideSolutionNode = FALSE
	EndGlobalSection
	GlobalSection(NestedProjects) = preSolution
		{454FADF2-DF6E-4779-AE5E-F52FB25882B8} = {16100ECF-291D-4F87-B277-CE1715F5F40B}
		{5A686D37-89AB-4D45-A2F7-D8583E50B2D3} = {F1900E0B-B471-4CF4-821D-F69F6EF53CB0}
		{16100ECF-291D-4F87-B277-CE1715F5F40B} = {0B1671A6-F810-4D24-A7E4-57630CD5C02F}
		{A9B6A105-9D37-47AE-8D6A-30139722C992} = {454FADF2-DF6E-4779-AE5E-F52FB25882B8}
		{B9E5AE4D-0EA5-4034-9B47-E37684D294E9} = {454FADF2-DF6E-4779-AE5E-F52FB25882B8}
		{91AE981B-8554-456E-A3B6-E3F54EA15276} = {D1ECD7F8-DFC8-4B2E-A737-8E0666417E00}
		{69CF529A-7ACE-4576-BEFF-4BF8BD39BCC2} = {D1ECD7F8-DFC8-4B2E-A737-8E0666417E00}
		{2D5F048A-F61B-4D70-94E9-0E2D23FF5F50} = {D1ECD7F8-DFC8-4B2E-A737-8E0666417E00}
	EndGlobalSection
	GlobalSection(ExtensibilityGlobals) = postSolution
		SolutionGuid = {BDFFAAB3-F444-4B28-A575-0CDB21B61A09}
	EndGlobalSection
EndGlobal
